
Microsoft Visual Studio Solution File, Format Version 12.00
# Visual Studio Version 17
VisualStudioVersion = 17.4.33110.190
MinimumVisualStudioVersion = 10.0.40219.1
Project("{FAE04EC0-301F-11D3-BF4B-00C04F79EFBC}") = "PopulationReport", "PopulationReport.csproj", "{BEBC6A33-30DE-4576-B793-6F6F881DBC60}"
EndProject
Global
	GlobalSection(SolutionConfigurationPlatforms) = preSolution
		Debug|Any CPU = Debug|Any CPU
		Release|Any CPU = Release|Any CPU
	EndGlobalSection
	GlobalSection(ProjectConfigurationPlatforms) = postSolution
		{BEBC6A33-30DE-4576-B793-6F6F881DBC60}.Debug|Any CPU.ActiveCfg = Debug|Any CPU
		{BEBC6A33-30DE-4576-B793-6F6F881DBC60}.Debug|Any CPU.Build.0 = Debug|Any CPU
		{BEBC6A33-30DE-4576-B793-6F6F881DBC60}.Release|Any CPU.ActiveCfg = Release|Any CPU
		{BEBC6A33-30DE-4576-B793-6F6F881DBC60}.Release|Any CPU.Build.0 = Release|Any CPU
	EndGlobalSection
	GlobalSection(SolutionProperties) = preSolution
		HideSolutionNode = FALSE
	EndGlobalSection
	GlobalSection(ExtensibilityGlobals) = postSolution
		SolutionGuid = {1DA0D994-F9BB-4E2E-8B97-1CA75C6213B4}
	EndGlobalSection
EndGlobal
